Microsoft Visual Studio Solution File, Format Version 12.00
# Visual Studio Version 17
VisualStudioVersion = 17.14.36202.13 d17.14
MinimumVisualStudioVersion = 10.0.40219.1
Project("{FAE04EC0-301F-11D3-BF4B-00C04F79EFBC}") = "Kba2.AppHost", "Kba2.AppHost\Kba2.AppHost.csproj", "{79B6A7B4-E878-450E-A3AE-D0AA6BA38EC8}"
EndProject
Project("{FAE04EC0-301F-11D3-BF4B-00C04F79EFBC}") = "Kba2.ServiceDefaults", "Kba2.ServiceDefaults\Kba2.ServiceDefaults.csproj", "{475E8C1F-ED4F-D698-515B-E0E7DFA9596E}"
EndProject
Project("{FAE04EC0-301F-11D3-BF4B-00C04F79EFBC}") = "Kba2.ApiService", "Kba2.ApiService\Kba2.ApiService.csproj", "{3E04CADD-B2E1-40BC-8CF4-B41C906ED58D}"
EndProject
Project("{FAE04EC0-301F-11D3-BF4B-00C04F79EFBC}") = "Kba2.Web", "Kba2.Web\Kba2.Web.csproj", "{FDD58B10-7BD4-1078-A090-CD3B183AAFF6}"
EndProject
Global
	GlobalSection(SolutionConfigurationPlatforms) = preSolution
		Debug|Any CPU = Debug|Any CPU
		Release|Any CPU = Release|Any CPU
	EndGlobalSection
	GlobalSection(ProjectConfigurationPlatforms) = postSolution
		{79B6A7B4-E878-450E-A3AE-D0AA6BA38EC8}.Debug|Any CPU.ActiveCfg = Debug|Any CPU
		{79B6A7B4-E878-450E-A3AE-D0AA6BA38EC8}.Debug|Any CPU.Build.0 = Debug|Any CPU
		{79B6A7B4-E878-450E-A3AE-D0AA6BA38EC8}.Release|Any CPU.ActiveCfg = Release|Any CPU
		{79B6A7B4-E878-450E-A3AE-D0AA6BA38EC8}.Release|Any CPU.Build.0 = Release|Any CPU
		{475E8C1F-ED4F-D698-515B-E0E7DFA9596E}.Debug|Any CPU.ActiveCfg = Debug|Any CPU
		{475E8C1F-ED4F-D698-515B-E0E7DFA9596E}.Debug|Any CPU.Build.0 = Debug|Any CPU
		{475E8C1F-ED4F-D698-515B-E0E7DFA9596E}.Release|Any CPU.ActiveCfg = Release|Any CPU
		{475E8C1F-ED4F-D698-515B-E0E7DFA9596E}.Release|Any CPU.Build.0 = Release|Any CPU
		{3E04CADD-B2E1-40BC-8CF4-B41C906ED58D}.Debug|Any CPU.ActiveCfg = Debug|Any CPU
		{3E04CADD-B2E1-40BC-8CF4-B41C906ED58D}.Debug|Any CPU.Build.0 = Debug|Any CPU
		{3E04CADD-B2E1-40BC-8CF4-B41C906ED58D}.Release|Any CPU.ActiveCfg = Release|Any CPU
		{3E04CADD-B2E1-40BC-8CF4-B41C906ED58D}.Release|Any CPU.Build.0 = Release|Any CPU
		{FDD58B10-7BD4-1078-A090-CD3B183AAFF6}.Debug|Any CPU.ActiveCfg = Debug|Any CPU
		{FDD58B10-7BD4-1078-A090-CD3B183AAFF6}.Debug|Any CPU.Build.0 = Debug|Any CPU
		{FDD58B10-7BD4-1078-A090-CD3B183AAFF6}.Release|Any CPU.ActiveCfg = Release|Any CPU
		{FDD58B10-7BD4-1078-A090-CD3B183AAFF6}.Release|Any CPU.Build.0 = Release|Any CPU
	EndGlobalSection
	GlobalSection(SolutionProperties) = preSolution
		HideSolutionNode = FALSE
	EndGlobalSection
	GlobalSection(ExtensibilityGlobals) = postSolution
		SolutionGuid = {91333556-986D-4C50-9BE6-5AFD1591D3C8}
	EndGlobalSection
EndGlobal
